
Microsoft Visual Studio Solution File, Format Version 12.00
# Visual Studio Version 17
VisualStudioVersion = 17.5.33414.496
MinimumVisualStudioVersion = 10.0.40219.1
Project("{FAE04EC0-301F-11D3-BF4B-00C04F79EFBC}") = "Cane e persona", "Cane e persona\Cane e persona.csproj", "{09DE28F7-E28C-4C5C-8C8E-B71D5457F924}"
EndProject
Global
	GlobalSection(SolutionConfigurationPlatforms) = preSolution
		Debug|Any CPU = Debug|Any CPU
		Release|Any CPU = Release|Any CPU
	EndGlobalSection
	GlobalSection(ProjectConfigurationPlatforms) = postSolution
		{09DE28F7-E28C-4C5C-8C8E-B71D5457F924}.Debug|Any CPU.ActiveCfg = Debug|Any CPU
		{09DE28F7-E28C-4C5C-8C8E-B71D5457F924}.Debug|Any CPU.Build.0 = Debug|Any CPU
		{09DE28F7-E28C-4C5C-8C8E-B71D5457F924}.Release|Any CPU.ActiveCfg = Release|Any CPU
		{09DE28F7-E28C-4C5C-8C8E-B71D5457F924}.Release|Any CPU.Build.0 = Release|Any CPU
	EndGlobalSection
	GlobalSection(SolutionProperties) = preSolution
		HideSolutionNode = FALSE
	EndGlobalSection
	GlobalSection(ExtensibilityGlobals) = postSolution
		SolutionGuid = {5ED9F4C3-9853-4B27-92B2-95CE5319889C}
	EndGlobalSection
EndGlobal
